{
  "name": "level0engine",
  "version": "1.4.1",
  "lockfileVersion": 3,
  "requires": true,
  "packages": {
    "": {
      "name": "level0engine",
      "version": "1.4.1",
      "dependencies": {
        "jsep": "^1.4.0",
        "marked": "^18.0.10"
      }
    },
    "node_modules/jsep": {
      "version": "1.4.0",
      "resolved": "https://registry.npmjs.org/jsep/-/jsep-1.4.0.tgz",
      "integrity": "sha512-B7qPcEVE3NVkmSJbaYxvv4cHkVW7DQsZz13pUMrfS8z8Q/BuShN+gcTXrUlPiGqM2/t/EEaI030bpxMqY8gMlw==",
      "license": "MIT",
      "engines": {
        "node": ">= 10.16.0"
      }
    },
    "node_modules/marked": {
      "version": "18.0.10",
      "resolved": "https://registry.npmjs.org/marked/-/marked-18.0.10.tgz",
      "integrity": "sha512-FJeH4bRpYoXiggcgriCGItKCSv3xkngJc4QCZ/rkQCogU3VYaLxYJoZl8Nw/b4+x7iij/pd+09mZ6A1dXzpL0A==",
      "license": "MIT",
      "bin": {
        "marked": "bin/marked.js"
      },
      "engines": {
        "node": ">= 20"
      }
    }
  }
}
